// !$*UTF8*$!
{
	archiveVersion = 1;
	classes = {
	};
	objectVersion = 51;
	objects = {

/* Begin PBXBuildFile section */
		7230C6CDD3DFCA92D01E184A /* Pods_iPAPatcher.framework in Frameworks */ = {isa = PBXBuildFile; fileRef = BD18AD26FF00171B647FF5FD /* Pods_iPAPatcher.framework */; };
		8856CCF92548C4660019033B /* libarchive.2.tbd in Frameworks */ = {isa = PBXBuildFile; fileRef = 8856CCF82548C45E0019033B /* libarchive.2.tbd */; };
		8856CCFC2548C4710019033B /* libarchive.tbd in Frameworks */ = {isa = PBXBuildFile; fileRef = 8856CCFB2548C46C0019033B /* libarchive.tbd */; };
		8856CD032548C5380019033B /* patcher.m in Sources */ = {isa = PBXBuildFile; fileRef = 8856CD022548C5380019033B /* patcher.m */; };
		8856CD102548C6420019033B /* operations.m in Sources */ = {isa = PBXBuildFile; fileRef = 8856CD0A2548C6420019033B /* operations.m */; };
		8856CD112548C6420019033B /* headers.m in Sources */ = {isa = PBXBuildFile; fileRef = 8856CD0D2548C6420019033B /* headers.m */; };
		8856CD122548C6420019033B /* NSData+Reading.m in Sources */ = {isa = PBXBuildFile; fileRef = 8856CD0F2548C6420019033B /* NSData+Reading.m */; };
		886F4F33253B91ED0055C4E2 /* libsubstitute.0.dylib in Resources */ = {isa = PBXBuildFile; fileRef = 886F4F30253B91ED0055C4E2 /* libsubstitute.0.dylib */; };
		886F4F34253B91ED0055C4E2 /* libsubstitute.dylib in Resources */ = {isa = PBXBuildFile; fileRef = 886F4F31253B91ED0055C4E2 /* libsubstitute.dylib */; };
		886F4F35253B91ED0055C4E2 /* CydiaSubstrate.framework in Resources */ = {isa = PBXBuildFile; fileRef = 886F4F32253B91ED0055C4E2 /* CydiaSubstrate.framework */; };
		886F4F49253CDFBE0055C4E2 /* Security.framework in Frameworks */ = {isa = PBXBuildFile; fileRef = 886F4F48253CDFBE0055C4E2 /* Security.framework */; };
		888758B2253A767D0015D0A6 /* AppDelegate.m in Sources */ = {isa = PBXBuildFile; fileRef = 888758B1253A767D0015D0A6 /* AppDelegate.m */; };
		888758B5253A767D0015D0A6 /* ViewController.m in Sources */ = {isa = PBXBuildFile; fileRef = 888758B4253A767D0015D0A6 /* ViewController.m */; };
		888758B7253A76800015D0A6 /* Assets.xcassets in Resources */ = {isa = PBXBuildFile; fileRef = 888758B6253A76800015D0A6 /* Assets.xcassets */; };
		888758BA253A76800015D0A6 /* Main.storyboard in Resources */ = {isa = PBXBuildFile; fileRef = 888758B8253A76800015D0A6 /* Main.storyboard */; };
		888758BD253A76800015D0A6 /* main.m in Sources */ = {isa = PBXBuildFile; fileRef = 888758BC253A76800015D0A6 /* main.m */; };
/* End PBXBuildFile section */

/* Begin PBXFileReference section */
		8856CCF82548C45E0019033B /* libarchive.2.tbd */ = {isa = PBXFileReference; lastKnownFileType = "sourcecode.text-based-dylib-definition"; name = libarchive.2.tbd; path = usr/lib/libarchive.2.tbd; sourceTree = SDKROOT; };
		8856CCFB2548C46C0019033B /* libarchive.tbd */ = {isa = PBXFileReference; lastKnownFileType = "sourcecode.text-based-dylib-definition"; name = libarchive.tbd; path = usr/lib/libarchive.tbd; sourceTree = SDKROOT; };
		8856CD022548C5380019033B /* patcher.m */ = {isa = PBXFileReference; lastKnownFileType = sourcecode.c.objc; path = patcher.m; sourceTree = "<group>"; };
		8856CD072548C5550019033B /* patcher.h */ = {isa = PBXFileReference; lastKnownFileType = sourcecode.c.h; path = patcher.h; sourceTree = "<group>"; };
		8856CD092548C6420019033B /* NSData+Reading.h */ = {isa = PBXFileReference; fileEncoding = 4; lastKnownFileType = sourcecode.c.h; path = "NSData+Reading.h"; sourceTree = "<group>"; };
		8856CD0A2548C6420019033B /* operations.m */ = {isa = PBXFileReference; fileEncoding = 4; lastKnownFileType = sourcecode.c.objc; path = operations.m; sourceTree = "<group>"; };
		8856CD0B2548C6420019033B /* headers.h */ = {isa = PBXFileReference; fileEncoding = 4; lastKnownFileType = sourcecode.c.h; path = headers.h; sourceTree = "<group>"; };
		8856CD0C2548C6420019033B /* operations.h */ = {isa = PBXFileReference; fileEncoding = 4; lastKnownFileType = sourcecode.c.h; path = operations.h; sourceTree = "<group>"; };
		8856CD0D2548C6420019033B /* headers.m */ = {isa = PBXFileReference; fileEncoding = 4; lastKnownFileType = sourcecode.c.objc; path = headers.m; sourceTree = "<group>"; };
		8856CD0E2548C6420019033B /* defines.h */ = {isa = PBXFileReference; fileEncoding = 4; lastKnownFileType = sourcecode.c.h; path = defines.h; sourceTree = "<group>"; };
		8856CD0F2548C6420019033B /* NSData+Reading.m */ = {isa = PBXFileReference; fileEncoding = 4; lastKnownFileType = sourcecode.c.objc; path = "NSData+Reading.m"; sourceTree = "<group>"; };
		886F4F30253B91ED0055C4E2 /* libsubstitute.0.dylib */ = {isa = PBXFileReference; lastKnownFileType = "compiled.mach-o.dylib"; path = libsubstitute.0.dylib; sourceTree = "<group>"; };
		886F4F31253B91ED0055C4E2 /* libsubstitute.dylib */ = {isa = PBXFileReference; lastKnownFileType = "compiled.mach-o.dylib"; path = libsubstitute.dylib; sourceTree = "<group>"; };
		886F4F32253B91ED0055C4E2 /* CydiaSubstrate.framework */ = {isa = PBXFileReference; lastKnownFileType = wrapper.framework; path = CydiaSubstrate.framework; sourceTree = "<group>"; };
		886F4F45253CDE240055C4E2 /* iPAPatcher.entitlements */ = {isa = PBXFileReference; lastKnownFileType = text.plist.entitlements; path = iPAPatcher.entitlements; sourceTree = "<group>"; };
		886F4F48253CDFBE0055C4E2 /* Security.framework */ = {isa = PBXFileReference; lastKnownFileType = wrapper.framework; name = Security.framework; path = System/Library/Frameworks/Security.framework; sourceTree = SDKROOT; };
		888758AD253A767D0015D0A6 /* iPAPatcher.app */ = {isa = PBXFileReference; explicitFileType = wrapper.application; includeInIndex = 0; path = iPAPatcher.app; sourceTree = BUILT_PRODUCTS_DIR; };
		888758B0253A767D0015D0A6 /* AppDelegate.h */ = {isa = PBXFileReference; lastKnownFileType = sourcecode.c.h; path = AppDelegate.h; sourceTree = "<group>"; };
		888758B1253A767D0015D0A6 /* AppDelegate.m */ = {isa = PBXFileReference; lastKnownFileType = sourcecode.c.objc; path = AppDelegate.m; sourceTree = "<group>"; };
		888758B3253A767D0015D0A6 /* ViewController.h */ = {isa = PBXFileReference; lastKnownFileType = sourcecode.c.h; path = ViewController.h; sourceTree = "<group>"; };
		888758B4253A767D0015D0A6 /* ViewController.m */ = {isa = PBXFileReference; lastKnownFileType = sourcecode.c.objc; path = ViewController.m; sourceTree = "<group>"; };
		888758B6253A76800015D0A6 /* Assets.xcassets */ = {isa = PBXFileReference; lastKnownFileType = folder.assetcatalog; path = Assets.xcassets; sourceTree = "<group>"; };
		888758B9253A76800015D0A6 /* Base */ = {isa = PBXFileReference; lastKnownFileType = file.storyboard; name = Base; path = Base.lproj/Main.storyboard; sourceTree = "<group>"; };
		888758BB253A76800015D0A6 /* Info.plist */ = {isa = PBXFileReference; lastKnownFileType = text.plist.xml; path = Info.plist; sourceTree = "<group>"; };
		888758BC253A76800015D0A6 /* main.m */ = {isa = PBXFileReference; lastKnownFileType = sourcecode.c.objc; path = main.m; sourceTree = "<group>"; };
		ABB6B554079F36BDD9B3B52B /* Pods-iPAPatcher.debug.xcconfig */ = {isa = PBXFileReference; includeInIndex = 1; lastKnownFileType = text.xcconfig; name = "Pods-iPAPatcher.debug.xcconfig"; path = "Target Support Files/Pods-iPAPatcher/Pods-iPAPatcher.debug.xcconfig"; sourceTree = "<group>"; };
		BD18AD26FF00171B647FF5FD /* Pods_iPAPatcher.framework */ = {isa = PBXFileReference; explicitFileType = wrapper.framework; includeInIndex = 0; path = Pods_iPAPatcher.framework; sourceTree = BUILT_PRODUCTS_DIR; };
		DD07A7C6419847674CF04E09 /* Pods-iPAPatcher.release.xcconfig */ = {isa = PBXFileReference; includeInIndex = 1; lastKnownFileType = text.xcconfig; name = "Pods-iPAPatcher.release.xcconfig"; path = "Target Support Files/Pods-iPAPatcher/Pods-iPAPatcher.release.xcconfig"; sourceTree = "<group>"; };
/* End PBXFileReference section */

/* Begin PBXFrameworksBuildPhase section */
		888758AA253A767D0015D0A6 /* Frameworks */ = {
			isa = PBXFrameworksBuildPhase;
			buildActionMask = 2147483647;
			files = (
				8856CCFC2548C4710019033B /* libarchive.tbd in Frameworks */,
				886F4F49253CDFBE0055C4E2 /* Security.framework in Frameworks */,
				8856CCF92548C4660019033B /* libarchive.2.tbd in Frameworks */,
				7230C6CDD3DFCA92D01E184A /* Pods_iPAPatcher.framework in Frameworks */,
			);
			runOnlyForDeploymentPostprocessing = 0;
		};
/* End PBXFrameworksBuildPhase section */

/* Begin PBXGroup section */
		7D63F6DCD17E13A9B66F0999 /* Pods */ = {
			isa = PBXGroup;
			children = (
				ABB6B554079F36BDD9B3B52B /* Pods-iPAPatcher.debug.xcconfig */,
				DD07A7C6419847674CF04E09 /* Pods-iPAPatcher.release.xcconfig */,
			);
			path = Pods;
			sourceTree = "<group>";
		};
		8856CCFF2548C4C80019033B /* View */ = {
			isa = PBXGroup;
			children = (
				888758B3253A767D0015D0A6 /* ViewController.h */,
				888758B4253A767D0015D0A6 /* ViewController.m */,
			);
			path = View;
			sourceTree = "<group>";
		};
		8856CD002548C4D50019033B /* Delegates */ = {
			isa = PBXGroup;
			children = (
				888758B0253A767D0015D0A6 /* AppDelegate.h */,
				888758B1253A767D0015D0A6 /* AppDelegate.m */,
			);
			path = Delegates;
			sourceTree = "<group>";
		};
		8856CD012548C4E70019033B /* src */ = {
			isa = PBXGroup;
			children = (
				8856CD082548C62C0019033B /* optool */,
				8856CD022548C5380019033B /* patcher.m */,
				8856CD072548C5550019033B /* patcher.h */,
			);
			path = src;
			sourceTree = "<group>";
		};
		8856CD082548C62C0019033B /* optool */ = {
			isa = PBXGroup;
			children = (
				8856CD0E2548C6420019033B /* defines.h */,
				8856CD0B2548C6420019033B /* headers.h */,
				8856CD0D2548C6420019033B /* headers.m */,
				8856CD092548C6420019033B /* NSData+Reading.h */,
				8856CD0F2548C6420019033B /* NSData+Reading.m */,
				8856CD0C2548C6420019033B /* operations.h */,
				8856CD0A2548C6420019033B /* operations.m */,
			);
			path = optool;
			sourceTree = "<group>";
		};
		886F4F47253CDFBE0055C4E2 /* Frameworks */ = {
			isa = PBXGroup;
			children = (
				8856CCFB2548C46C0019033B /* libarchive.tbd */,
				8856CCF82548C45E0019033B /* libarchive.2.tbd */,
				886F4F48253CDFBE0055C4E2 /* Security.framework */,
				BD18AD26FF00171B647FF5FD /* Pods_iPAPatcher.framework */,
			);
			name = Frameworks;
			sourceTree = "<group>";
		};
		888758A4253A767D0015D0A6 = {
			isa = PBXGroup;
			children = (
				886F4F45253CDE240055C4E2 /* iPAPatcher.entitlements */,
				886F4F32253B91ED0055C4E2 /* CydiaSubstrate.framework */,
				886F4F30253B91ED0055C4E2 /* libsubstitute.0.dylib */,
				886F4F31253B91ED0055C4E2 /* libsubstitute.dylib */,
				888758AF253A767D0015D0A6 /* iPA Patcher */,
				888758AE253A767D0015D0A6 /* Products */,
				886F4F47253CDFBE0055C4E2 /* Frameworks */,
				7D63F6DCD17E13A9B66F0999 /* Pods */,
			);
			sourceTree = "<group>";
		};
		888758AE253A767D0015D0A6 /* Products */ = {
			isa = PBXGroup;
			children = (
				888758AD253A767D0015D0A6 /* iPAPatcher.app */,
			);
			name = Products;
			sourceTree = "<group>";
		};
		888758AF253A767D0015D0A6 /* iPA Patcher */ = {
			isa = PBXGroup;
			children = (
				8856CD012548C4E70019033B /* src */,
				8856CD002548C4D50019033B /* Delegates */,
				8856CCFF2548C4C80019033B /* View */,
				888758B6253A76800015D0A6 /* Assets.xcassets */,
				888758B8253A76800015D0A6 /* Main.storyboard */,
				888758BB253A76800015D0A6 /* Info.plist */,
				888758BC253A76800015D0A6 /* main.m */,
			);
			path = "iPA Patcher";
			sourceTree = "<group>";
		};
/* End PBXGroup section */

/* Begin PBXNativeTarget section */
		888758AC253A767D0015D0A6 /* iPAPatcher */ = {
			isa = PBXNativeTarget;
			buildConfigurationList = 888758C1253A76800015D0A6 /* Build configuration list for PBXNativeTarget "iPAPatcher" */;
			buildPhases = (
				D3E65DD544C1D5772E2F44DE /* [CP] Check Pods Manifest.lock */,
				888758A9253A767D0015D0A6 /* Sources */,
				888758AA253A767D0015D0A6 /* Frameworks */,
				888758AB253A767D0015D0A6 /* Resources */,
				674DF8F2016A34DBF43D40FA /* [CP] Embed Pods Frameworks */,
			);
			buildRules = (
			);
			dependencies = (
			);
			name = iPAPatcher;
			productName = "iPA Patcher";
			productReference = 888758AD253A767D0015D0A6 /* iPAPatcher.app */;
			productType = "com.apple.product-type.application";
		};
/* End PBXNativeTarget section */

/* Begin PBXProject section */
		888758A5253A767D0015D0A6 /* Project object */ = {
			isa = PBXProject;
			attributes = {
				LastUpgradeCheck = 1200;
				TargetAttributes = {
					888758AC253A767D0015D0A6 = {
						CreatedOnToolsVersion = 12.0.1;
					};
				};
			};
			buildConfigurationList = 888758A8253A767D0015D0A6 /* Build configuration list for PBXProject "iPAPatcher" */;
			compatibilityVersion = "Xcode 9.3";
			developmentRegion = en;
			hasScannedForEncodings = 0;
			knownRegions = (
				en,
				Base,
			);
			mainGroup = 888758A4253A767D0015D0A6;
			productRefGroup = 888758AE253A767D0015D0A6 /* Products */;
			projectDirPath = "";
			projectRoot = "";
			targets = (
				888758AC253A767D0015D0A6 /* iPAPatcher */,
			);
		};
/* End PBXProject section */

/* Begin PBXResourcesBuildPhase section */
		888758AB253A767D0015D0A6 /* Resources */ = {
			isa = PBXResourcesBuildPhase;
			buildActionMask = 2147483647;
			files = (
				888758B7253A76800015D0A6 /* Assets.xcassets in Resources */,
				888758BA253A76800015D0A6 /* Main.storyboard in Resources */,
				886F4F33253B91ED0055C4E2 /* libsubstitute.0.dylib in Resources */,
				886F4F34253B91ED0055C4E2 /* libsubstitute.dylib in Resources */,
				886F4F35253B91ED0055C4E2 /* CydiaSubstrate.framework in Resources */,
			);
			runOnlyForDeploymentPostprocessing = 0;
		};
/* End PBXResourcesBuildPhase section */

/* Begin PBXShellScriptBuildPhase section */
		674DF8F2016A34DBF43D40FA /* [CP] Embed Pods Frameworks */ = {
			isa = PBXShellScriptBuildPhase;
			buildActionMask = 2147483647;
			files = (
			);
			inputFileListPaths = (
				"${PODS_ROOT}/Target Support Files/Pods-iPAPatcher/Pods-iPAPatcher-frameworks-${CONFIGURATION}-input-files.xcfilelist",
			);
			name = "[CP] Embed Pods Frameworks";
			outputFileListPaths = (
				"${PODS_ROOT}/Target Support Files/Pods-iPAPatcher/Pods-iPAPatcher-frameworks-${CONFIGURATION}-output-files.xcfilelist",
			);
			runOnlyForDeploymentPostprocessing = 0;
			shellPath = /bin/sh;
			shellScript = "\"${PODS_ROOT}/Target Support Files/Pods-iPAPatcher/Pods-iPAPatcher-frameworks.sh\"\n";
			showEnvVarsInLog = 0;
		};
		D3E65DD544C1D5772E2F44DE /* [CP] Check Pods Manifest.lock */ = {
			isa = PBXShellScriptBuildPhase;
			buildActionMask = 2147483647;
			files = (
			);
			inputFileListPaths = (
			);
			inputPaths = (
				"${PODS_PODFILE_DIR_PATH}/Podfile.lock",
				"${PODS_ROOT}/Manifest.lock",
			);
			name = "[CP] Check Pods Manifest.lock";
			outputFileListPaths = (
			);
			outputPaths = (
				"$(DERIVED_FILE_DIR)/Pods-iPAPatcher-checkManifestLockResult.txt",
			);
			runOnlyForDeploymentPostprocessing = 0;
			shellPath = /bin/sh;
			shellScript = "diff \"${PODS_PODFILE_DIR_PATH}/Podfile.lock\" \"${PODS_ROOT}/Manifest.lock\" > /dev/null\nif [ $? != 0 ] ; then\n    # print error to STDERR\n    echo \"error: The sandbox is not in sync with the Podfile.lock. Run 'pod install' or update your CocoaPods installation.\" >&2\n    exit 1\nfi\n# This output is used by Xcode 'outputs' to avoid re-running this script phase.\necho \"SUCCESS\" > \"${SCRIPT_OUTPUT_FILE_0}\"\n";
			showEnvVarsInLog = 0;
		};
/* End PBXShellScriptBuildPhase section */

/* Begin PBXSourcesBuildPhase section */
		888758A9253A767D0015D0A6 /* Sources */ = {
			isa = PBXSourcesBuildPhase;
			buildActionMask = 2147483647;
			files = (
				888758B5253A767D0015D0A6 /* ViewController.m in Sources */,
				8856CD102548C6420019033B /* operations.m in Sources */,
				888758BD253A76800015D0A6 /* main.m in Sources */,
				888758B2253A767D0015D0A6 /* AppDelegate.m in Sources */,
				8856CD112548C6420019033B /* headers.m in Sources */,
				8856CD032548C5380019033B /* patcher.m in Sources */,
				8856CD122548C6420019033B /* NSData+Reading.m in Sources */,
			);
			runOnlyForDeploymentPostprocessing = 0;
		};
/* End PBXSourcesBuildPhase section */

/* Begin PBXVariantGroup section */
		888758B8253A76800015D0A6 /* Main.storyboard */ = {
			isa = PBXVariantGroup;
			children = (
				888758B9253A76800015D0A6 /* Base */,
			);
			name = Main.storyboard;
			sourceTree = "<group>";
		};
/* End PBXVariantGroup section */

/* Begin XCBuildConfiguration section */
		888758BF253A76800015D0A6 /* Debug */ = {
			isa = XCBuildConfiguration;
			buildSettings = {
				ALWAYS_SEARCH_USER_PATHS = NO;
				CLANG_ANALYZER_NONNULL = YES;
				CLANG_ANALYZER_NUMBER_OBJECT_CONVERSION = YES_AGGRESSIVE;
				CLANG_CXX_LANGUAGE_STANDARD = "gnu++14";
				CLANG_CXX_LIBRARY = "libc++";
				CLANG_ENABLE_MODULES = YES;
				CLANG_ENABLE_OBJC_ARC = YES;
				CLANG_ENABLE_OBJC_WEAK = YES;
				CLANG_WARN_BLOCK_CAPTURE_AUTORELEASING = YES;
				CLANG_WARN_BOOL_CONVERSION = YES;
				CLANG_WARN_COMMA = YES;
				CLANG_WARN_CONSTANT_CONVERSION = YES;
				CLANG_WARN_DEPRECATED_OBJC_IMPLEMENTATIONS = YES;
				CLANG_WARN_DIRECT_OBJC_ISA_USAGE = YES_ERROR;
				CLANG_WARN_DOCUMENTATION_COMMENTS = YES;
				CLANG_WARN_EMPTY_BODY = YES;
				CLANG_WARN_ENUM_CONVERSION = YES;
				CLANG_WARN_INFINITE_RECURSION = YES;
				CLANG_WARN_INT_CONVERSION = YES;
				CLANG_WARN_NON_LITERAL_NULL_CONVERSION = YES;
				CLANG_WARN_OBJC_IMPLICIT_RETAIN_SELF = YES;
				CLANG_WARN_OBJC_LITERAL_CONVERSION = YES;
				CLANG_WARN_OBJC_ROOT_CLASS = YES_ERROR;
				CLANG_WARN_QUOTED_INCLUDE_IN_FRAMEWORK_HEADER = YES;
				CLANG_WARN_RANGE_LOOP_ANALYSIS = YES;
				CLANG_WARN_STRICT_PROTOTYPES = YES;
				CLANG_WARN_SUSPICIOUS_MOVE = YES;
				CLANG_WARN_UNGUARDED_AVAILABILITY = YES_AGGRESSIVE;
				CLANG_WARN_UNREACHABLE_CODE = YES;
				CLANG_WARN__DUPLICATE_METHOD_MATCH = YES;
				COPY_PHASE_STRIP = NO;
				DEBUG_INFORMATION_FORMAT = dwarf;
				ENABLE_STRICT_OBJC_MSGSEND = YES;
				ENABLE_TESTABILITY = YES;
				GCC_C_LANGUAGE_STANDARD = gnu11;
				GCC_DYNAMIC_NO_PIC = NO;
				GCC_NO_COMMON_BLOCKS = YES;
				GCC_OPTIMIZATION_LEVEL = 0;
				GCC_PREPROCESSOR_DEFINITIONS = (
					"DEBUG=1",
					"$(inherited)",
				);
				GCC_WARN_64_TO_32_BIT_CONVERSION = YES;
				GCC_WARN_ABOUT_RETURN_TYPE = YES_ERROR;
				GCC_WARN_UNDECLARED_SELECTOR = YES;
				GCC_WARN_UNINITIALIZED_AUTOS = YES_AGGRESSIVE;
				GCC_WARN_UNUSED_FUNCTION = YES;
				GCC_WARN_UNUSED_VARIABLE = YES;
				MACOSX_DEPLOYMENT_TARGET = 10.15;
				MTL_ENABLE_DEBUG_INFO = INCLUDE_SOURCE;
				MTL_FAST_MATH = YES;
				ONLY_ACTIVE_ARCH = YES;
				SDKROOT = macosx;
			};
			name = Debug;
		};
		888758C0253A76800015D0A6 /* Release */ = {
			isa = XCBuildConfiguration;
			buildSettings = {
				ALWAYS_SEARCH_USER_PATHS = NO;
				CLANG_ANALYZER_NONNULL = YES;
				CLANG_ANALYZER_NUMBER_OBJECT_CONVERSION = YES_AGGRESSIVE;
				CLANG_CXX_LANGUAGE_STANDARD = "gnu++14";
				CLANG_CXX_LIBRARY = "libc++";
				CLANG_ENABLE_MODULES = YES;
				CLANG_ENABLE_OBJC_ARC = YES;
				CLANG_ENABLE_OBJC_WEAK = YES;
				CLANG_WARN_BLOCK_CAPTURE_AUTORELEASING = YES;
				CLANG_WARN_BOOL_CONVERSION = YES;
				CLANG_WARN_COMMA = YES;
				CLANG_WARN_CONSTANT_CONVERSION = YES;
				CLANG_WARN_DEPRECATED_OBJC_IMPLEMENTATIONS = YES;
				CLANG_WARN_DIRECT_OBJC_ISA_USAGE = YES_ERROR;
				CLANG_WARN_DOCUMENTATION_COMMENTS = YES;
				CLANG_WARN_EMPTY_BODY = YES;
				CLANG_WARN_ENUM_CONVERSION = YES;
				CLANG_WARN_INFINITE_RECURSION = YES;
				CLANG_WARN_INT_CONVERSION = YES;
				CLANG_WARN_NON_LITERAL_NULL_CONVERSION = YES;
				CLANG_WARN_OBJC_IMPLICIT_RETAIN_SELF = YES;
				CLANG_WARN_OBJC_LITERAL_CONVERSION = YES;
				CLANG_WARN_OBJC_ROOT_CLASS = YES_ERROR;
				CLANG_WARN_QUOTED_INCLUDE_IN_FRAMEWORK_HEADER = YES;
				CLANG_WARN_RANGE_LOOP_ANALYSIS = YES;
				CLANG_WARN_STRICT_PROTOTYPES = YES;
				CLANG_WARN_SUSPICIOUS_MOVE = YES;
				CLANG_WARN_UNGUARDED_AVAILABILITY = YES_AGGRESSIVE;
				CLANG_WARN_UNREACHABLE_CODE = YES;
				CLANG_WARN__DUPLICATE_METHOD_MATCH = YES;
				COPY_PHASE_STRIP = NO;
				DEBUG_INFORMATION_FORMAT = "dwarf-with-dsym";
				ENABLE_NS_ASSERTIONS = NO;
				ENABLE_STRICT_OBJC_MSGSEND = YES;
				GCC_C_LANGUAGE_STANDARD = gnu11;
				GCC_NO_COMMON_BLOCKS = YES;
				GCC_WARN_64_TO_32_BIT_CONVERSION = YES;
				GCC_WARN_ABOUT_RETURN_TYPE = YES_ERROR;
				GCC_WARN_UNDECLARED_SELECTOR = YES;
				GCC_WARN_UNINITIALIZED_AUTOS = YES_AGGRESSIVE;
				GCC_WARN_UNUSED_FUNCTION = YES;
				GCC_WARN_UNUSED_VARIABLE = YES;
				MACOSX_DEPLOYMENT_TARGET = 10.15;
				MTL_ENABLE_DEBUG_INFO = NO;
				MTL_FAST_MATH = YES;
				SDKROOT = macosx;
			};
			name = Release;
		};
		888758C2253A76800015D0A6 /* Debug */ = {
			isa = XCBuildConfiguration;
			baseConfigurationReference = ABB6B554079F36BDD9B3B52B /* Pods-iPAPatcher.debug.xcconfig */;
			buildSettings = {
				ASSETCATALOG_COMPILER_APPICON_NAME = AppIcon;
				ASSETCATALOG_COMPILER_GLOBAL_ACCENT_COLOR_NAME = AccentColor;
				CODE_SIGN_ENTITLEMENTS = iPAPatcher.entitlements;
				CODE_SIGN_IDENTITY = "-";
				CODE_SIGN_STYLE = Automatic;
				COMBINE_HIDPI_IMAGES = YES;
				DEVELOPMENT_TEAM = T8ALTGMVXN;
				ENABLE_HARDENED_RUNTIME = NO;
				INFOPLIST_FILE = "iPA Patcher/Info.plist";
				LD_RUNPATH_SEARCH_PATHS = (
					"$(inherited)",
					"@executable_path/../Frameworks",
				);
				MACOSX_DEPLOYMENT_TARGET = 10.10;
				MARKETING_VERSION = 1.0;
				PRODUCT_BUNDLE_IDENTIFIER = "org.brandonplank.iPA-Patcher";
				PRODUCT_NAME = "$(TARGET_NAME)";
			};
			name = Debug;
		};
		888758C3253A76800015D0A6 /* Release */ = {
			isa = XCBuildConfiguration;
			baseConfigurationReference = DD07A7C6419847674CF04E09 /* Pods-iPAPatcher.release.xcconfig */;
			buildSettings = {
				ASSETCATALOG_COMPILER_APPICON_NAME = AppIcon;
				ASSETCATALOG_COMPILER_GLOBAL_ACCENT_COLOR_NAME = AccentColor;
				CODE_SIGN_ENTITLEMENTS = iPAPatcher.entitlements;
				CODE_SIGN_IDENTITY = "-";
				CODE_SIGN_STYLE = Automatic;
				COMBINE_HIDPI_IMAGES = YES;
				DEVELOPMENT_TEAM = T8ALTGMVXN;
				ENABLE_HARDENED_RUNTIME = NO;
				INFOPLIST_FILE = "iPA Patcher/Info.plist";
				LD_RUNPATH_SEARCH_PATHS = (
					"$(inherited)",
					"@executable_path/../Frameworks",
				);
				MACOSX_DEPLOYMENT_TARGET = 10.10;
				MARKETING_VERSION = 1.0;
				PRODUCT_BUNDLE_IDENTIFIER = "org.brandonplank.iPA-Patcher";
				PRODUCT_NAME = "$(TARGET_NAME)";
			};
			name = Release;
		};
/* End XCBuildConfiguration section */

/* Begin XCConfigurationList section */
		888758A8253A767D0015D0A6 /* Build configuration list for PBXProject "iPAPatcher" */ = {
			isa = XCConfigurationList;
			buildConfigurations = (
				888758BF253A76800015D0A6 /* Debug */,
				888758C0253A76800015D0A6 /* Release */,
			);
			defaultConfigurationIsVisible = 0;
			defaultConfigurationName = Release;
		};
		888758C1253A76800015D0A6 /* Build configuration list for PBXNativeTarget "iPAPatcher" */ = {
			isa = XCConfigurationList;
			buildConfigurations = (
				888758C2253A76800015D0A6 /* Debug */,
				888758C3253A76800015D0A6 /* Release */,
			);
			defaultConfigurationIsVisible = 0;
			defaultConfigurationName = Release;
		};
/* End XCConfigurationList section */
	};
	rootObject = 888758A5253A767D0015D0A6 /* Project object */;
}
